
Microsoft Visual Studio Solution File, Format Version 12.00
# Visual Studio Version 16
VisualStudioVersion = 16.0.28803.352
MinimumVisualStudioVersion = 10.0.40219.1
Project("{FAE04EC0-301F-11D3-BF4B-00C04F79EFBC}") = "AssetWatch", "AssetWatch\AssetWatch.csproj", "{0485FA4B-FF87-4722-948E-96D45A0D4B1B}"
EndProject
Project("{FAE04EC0-301F-11D3-BF4B-00C04F79EFBC}") = "ApiCoinmarketcap", "ApiCoinmarketcap\ApiCoinmarketcap.csproj", "{DBCCBC27-887F-42D6-A3BA-1DAFCA05A74C}"
EndProject
Project("{FAE04EC0-301F-11D3-BF4B-00C04F79EFBC}") = "ApiCryptoCompare", "ApiCryptoCompare\ApiCryptoCompare.csproj", "{087F59D0-C4E3-4C17-9DE7-387CFF8BC8A9}"
EndProject
Project("{FAE04EC0-301F-11D3-BF4B-00C04F79EFBC}") = "ApiYahooFinance", "ApiYahooFinance\ApiYahooFinance.csproj", "{E6F4BBE0-9B45-4B55-8E9E-F7EB4E1BC5FF}"
EndProject
Project("{FAE04EC0-301F-11D3-BF4B-00C04F79EFBC}") = "ApiCoinGecko", "ApiCoinGecko\ApiCoinGecko.csproj", "{D8731BF6-EBF4-4636-8675-9343920C492E}"
EndProject
Global
	GlobalSection(SolutionConfigurationPlatforms) = preSolution
		Debug|Any CPU = Debug|Any CPU
		Release|Any CPU = Release|Any CPU
	EndGlobalSection
	GlobalSection(ProjectConfigurationPlatforms) = postSolution
		{0485FA4B-FF87-4722-948E-96D45A0D4B1B}.Debug|Any CPU.ActiveCfg = Debug|Any CPU
		{0485FA4B-FF87-4722-948E-96D45A0D4B1B}.Debug|Any CPU.Build.0 = Debug|Any CPU
		{0485FA4B-FF87-4722-948E-96D45A0D4B1B}.Release|Any CPU.ActiveCfg = Release|Any CPU
		{0485FA4B-FF87-4722-948E-96D45A0D4B1B}.Release|Any CPU.Build.0 = Release|Any CPU
		{DBCCBC27-887F-42D6-A3BA-1DAFCA05A74C}.Debug|Any CPU.ActiveCfg = Debug|Any CPU
		{DBCCBC27-887F-42D6-A3BA-1DAFCA05A74C}.Debug|Any CPU.Build.0 = Debug|Any CPU
		{DBCCBC27-887F-42D6-A3BA-1DAFCA05A74C}.Release|Any CPU.ActiveCfg = Release|Any CPU
		{DBCCBC27-887F-42D6-A3BA-1DAFCA05A74C}.Release|Any CPU.Build.0 = Release|Any CPU
		{087F59D0-C4E3-4C17-9DE7-387CFF8BC8A9}.Debug|Any CPU.ActiveCfg = Debug|Any CPU
		{087F59D0-C4E3-4C17-9DE7-387CFF8BC8A9}.Debug|Any CPU.Build.0 = Debug|Any CPU
		{087F59D0-C4E3-4C17-9DE7-387CFF8BC8A9}.Release|Any CPU.ActiveCfg = Release|Any CPU
		{087F59D0-C4E3-4C17-9DE7-387CFF8BC8A9}.Release|Any CPU.Build.0 = Release|Any CPU
		{E6F4BBE0-9B45-4B55-8E9E-F7EB4E1BC5FF}.Debug|Any CPU.ActiveCfg = Debug|Any CPU
		{E6F4BBE0-9B45-4B55-8E9E-F7EB4E1BC5FF}.Debug|Any CPU.Build.0 = Debug|Any CPU
		{E6F4BBE0-9B45-4B55-8E9E-F7EB4E1BC5FF}.Release|Any CPU.ActiveCfg = Release|Any CPU
		{E6F4BBE0-9B45-4B55-8E9E-F7EB4E1BC5FF}.Release|Any CPU.Build.0 = Release|Any CPU
		{D8731BF6-EBF4-4636-8675-9343920C492E}.Debug|Any CPU.ActiveCfg = Debug|Any CPU
		{D8731BF6-EBF4-4636-8675-9343920C492E}.Debug|Any CPU.Build.0 = Debug|Any CPU
		{D8731BF6-EBF4-4636-8675-9343920C492E}.Release|Any CPU.ActiveCfg = Release|Any CPU
		{D8731BF6-EBF4-4636-8675-9343920C492E}.Release|Any CPU.Build.0 = Release|Any CPU
	EndGlobalSection
	GlobalSection(SolutionProperties) = preSolution
		HideSolutionNode = FALSE
	EndGlobalSection
	GlobalSection(ExtensibilityGlobals) = postSolution
		SolutionGuid = {8331DC0B-571B-44A0-A8F5-65A6E594E667}
	EndGlobalSection
EndGlobal
